
Microsoft Visual Studio Solution File, Format Version 12.00
# Visual Studio Version 16
VisualStudioVersion = 16.0.31129.286
MinimumVisualStudioVersion = 10.0.40219.1
Project("{8BC9CEB8-8B4A-11D0-8D11-00A0C91BC942}") = "soapyTestVs2019", "soapyTestVs2019.vcxproj", "{BCE08BC0-1872-4C9D-AED3-C52A8C1ECBF4}"
EndProject
Global
	GlobalSection(SolutionConfigurationPlatforms) = preSolution
		Debug|x64 = Debug|x64
		Debug|x86 = Debug|x86
		Release|x64 = Release|x64
		Release|x86 = Release|x86
	EndGlobalSection
	GlobalSection(ProjectConfigurationPlatforms) = postSolution
		{BCE08BC0-1872-4C9D-AED3-C52A8C1ECBF4}.Debug|x64.ActiveCfg = Debug|x64
		{BCE08BC0-1872-4C9D-AED3-C52A8C1ECBF4}.Debug|x64.Build.0 = Debug|x64
		{BCE08BC0-1872-4C9D-AED3-C52A8C1ECBF4}.Debug|x86.ActiveCfg = Debug|x64
		{BCE08BC0-1872-4C9D-AED3-C52A8C1ECBF4}.Debug|x86.Build.0 = Debug|x64
		{BCE08BC0-1872-4C9D-AED3-C52A8C1ECBF4}.Release|x64.ActiveCfg = Release|x64
		{BCE08BC0-1872-4C9D-AED3-C52A8C1ECBF4}.Release|x64.Build.0 = Release|x64
		{BCE08BC0-1872-4C9D-AED3-C52A8C1ECBF4}.Release|x86.ActiveCfg = Release|Win32
		{BCE08BC0-1872-4C9D-AED3-C52A8C1ECBF4}.Release|x86.Build.0 = Release|Win32
	EndGlobalSection
	GlobalSection(SolutionProperties) = preSolution
		HideSolutionNode = FALSE
	EndGlobalSection
	GlobalSection(ExtensibilityGlobals) = postSolution
		SolutionGuid = {5F4545BB-5F5B-43A4-8E6E-2885A127DB40}
	EndGlobalSection
EndGlobal
